
Microsoft Visual Studio Solution File, Format Version 12.00
# Visual Studio 14
VisualStudioVersion = 14.0.22823.1
MinimumVisualStudioVersion = 12.0.21005.1

Project("{8BC9CEB8-8B4A-11D0-8D11-00A0C91BC942}") = "libring.Windows", "crypto\libring.Windows.vcxproj", "{F4C0A1B6-5E09-41C8-8242-3E1F6762FB18}"
EndProject
Project("{2150E333-8FDC-42A3-9474-1A3956D46DE8}") = "Tests", "Tests", "{73F15439-77AE-4EA2-8CB7-D82876016316}"
EndProject
Project("{8BC9CEB8-8B4A-11D0-8D11-00A0C91BC942}") = "dh_test.Windows", "crypto\dh\dh_test.Windows.vcxproj", "{DEB047E0-9259-4708-B64D-8787CDD99799}"
EndProject
Project("{8BC9CEB8-8B4A-11D0-8D11-00A0C91BC942}") = "aes_test.Windows", "crypto\aes\aes_test.Windows.vcxproj", "{1C3071CC-26DA-4790-B48A-3936DDD0E7E7}"
EndProject
Project("{8BC9CEB8-8B4A-11D0-8D11-00A0C91BC942}") = "aead_test.Windows", "crypto\cipher\aead_test.Windows.vcxproj", "{95B509DD-F16C-49EE-B962-3B28FAC30CF7}"
EndProject
Project("{8BC9CEB8-8B4A-11D0-8D11-00A0C91BC942}") = "bn_test.Windows", "crypto\bn\bn_test.Windows.vcxproj", "{06C8B12A-97C3-4326-B0AB-8C8004E94A76}"
EndProject
Project("{8BC9CEB8-8B4A-11D0-8D11-00A0C91BC942}") = "bytestring_test.Windows", "crypto\bytestring\bytestring_test.Windows.vcxproj", "{8B0DEF57-6FC5-404F-A1D0-A8FC0FCAD787}"
EndProject
Project("{8BC9CEB8-8B4A-11D0-8D11-00A0C91BC942}") = "cipher_test.Windows", "crypto\cipher\cipher_test.Windows.vcxproj", "{E9BBE9B6-8361-4007-B523-E59FDB775D01}"
EndProject
Project("{8BC9CEB8-8B4A-11D0-8D11-00A0C91BC942}") = "cmac_test.Windows", "crypto\cmac\cmac_test.Windows.vcxproj", "{A6E8C593-5CF7-4BB2-B8CE-54A8ECA06CF6}"
EndProject
Project("{8BC9CEB8-8B4A-11D0-8D11-00A0C91BC942}") = "digest_test.Windows", "crypto\digest\digest_test.Windows.vcxproj", "{954615BD-27CB-4AA3-AEE0-D25CD5460B0E}"
EndProject
Project("{8BC9CEB8-8B4A-11D0-8D11-00A0C91BC942}") = "ecdsa_test.Windows", "crypto\ecdsa\ecdsa_test.Windows.vcxproj", "{8ECBC55D-D42D-40AA-9ACF-EDE67739EE20}"
EndProject
Project("{8BC9CEB8-8B4A-11D0-8D11-00A0C91BC942}") = "err_test.Windows", "crypto\err\err_test.Windows.vcxproj", "{C4DE9A69-978C-4156-8F62-BFB81A22D758}"
EndProject
Project("{8BC9CEB8-8B4A-11D0-8D11-00A0C91BC942}") = "pbkdf_test.Windows", "crypto\evp\pbkdf_test.Windows.vcxproj", "{4B49658E-0CC3-45E8-B453-8C93D5475974}"
EndProject
Project("{8BC9CEB8-8B4A-11D0-8D11-00A0C91BC942}") = "hkdf_test.Windows", "crypto\hkdf\hkdf_test.Windows.vcxproj", "{CF492FD2-AEA4-4AEE-962D-7B89887E06E5}"
EndProject
Project("{8BC9CEB8-8B4A-11D0-8D11-00A0C91BC942}") = "hmac_test.Windows", "crypto\hmac\hmac_test.Windows.vcxproj", "{89985F80-7EA4-4205-A46D-AA32419E5BC2}"
EndProject
Project("{8BC9CEB8-8B4A-11D0-8D11-00A0C91BC942}") = "gcm_test.Windows", "crypto\modes\gcm_test.Windows.vcxproj", "{A8616FF5-8273-4C80-8BF0-1785D8E1DF74}"
EndProject
Project("{8BC9CEB8-8B4A-11D0-8D11-00A0C91BC942}") = "poly1305_test.Windows", "crypto\poly1305\poly1305_test.Windows.vcxproj", "{CD0F021B-E347-4CCA-B5B7-CD1F757E15D6}"
EndProject
Project("{8BC9CEB8-8B4A-11D0-8D11-00A0C91BC942}") = "libring.test.Windows", "crypto\test\test.Windows.vcxproj", "{1DACE503-6498-492D-B1FF-F9EE18624443}"
EndProject
Project("{8BC9CEB8-8B4A-11D0-8D11-00A0C91BC942}") = "constant_time_test.Windows", "crypto\constant_time_test.Windows.vcxproj", "{C8E7CDAF-3953-48E8-95F2-97DAC472E2E0}"
EndProject
Project("{8BC9CEB8-8B4A-11D0-8D11-00A0C91BC942}") = "thread_test.Windows", "crypto\thread_test.Windows.vcxproj", "{52C6E909-4E56-4329-8B99-E1B5C2E1FB19}"
EndProject
Project("{8BC9CEB8-8B4A-11D0-8D11-00A0C91BC942}") = "refcount_test.Windows", "crypto\refcount_test.Windows.vcxproj", "{5C80997F-DB68-4996-BF6D-2B0EAF69D035}"
EndProject
Project("{8BC9CEB8-8B4A-11D0-8D11-00A0C91BC942}") = "rsa_test.Windows", "crypto\rsa\rsa_test.Windows.vcxproj", "{F28F10A9-540F-4FC9-AD81-79E79F3FC73D}"
EndProject
Project("{8BC9CEB8-8B4A-11D0-8D11-00A0C91BC942}") = "example_mul.Windows", "crypto\ec\example_mul.Windows.vcxproj", "{6216DD4F-2055-4D4E-9672-AF9154AC7B7B}"
EndProject
Global
	GlobalSection(SolutionConfigurationPlatforms) = preSolution
		Debug|Win32 = Debug|Win32
		Debug|x64 = Debug|x64
		Release|Win32 = Release|Win32
		Release|x64 = Release|x64
	EndGlobalSection
	GlobalSection(ProjectConfigurationPlatforms) = postSolution
		{F4C0A1B6-5E09-41C8-8242-3E1F6762FB18}.Debug|Win32.ActiveCfg = Debug|Win32
		{F4C0A1B6-5E09-41C8-8242-3E1F6762FB18}.Debug|Win32.Build.0 = Debug|Win32
		{F4C0A1B6-5E09-41C8-8242-3E1F6762FB18}.Debug|x64.ActiveCfg = Debug|x64
		{F4C0A1B6-5E09-41C8-8242-3E1F6762FB18}.Debug|x64.Build.0 = Debug|x64
		{F4C0A1B6-5E09-41C8-8242-3E1F6762FB18}.Release|Win32.ActiveCfg = Release|Win32
		{F4C0A1B6-5E09-41C8-8242-3E1F6762FB18}.Release|Win32.Build.0 = Release|Win32
		{F4C0A1B6-5E09-41C8-8242-3E1F6762FB18}.Release|x64.ActiveCfg = Release|x64
		{F4C0A1B6-5E09-41C8-8242-3E1F6762FB18}.Release|x64.Build.0 = Release|x64
		{DEB047E0-9259-4708-B64D-8787CDD99799}.Debug|Win32.ActiveCfg = Debug|Win32
		{DEB047E0-9259-4708-B64D-8787CDD99799}.Debug|Win32.Build.0 = Debug|Win32
		{DEB047E0-9259-4708-B64D-8787CDD99799}.Debug|x64.ActiveCfg = Debug|x64
		{DEB047E0-9259-4708-B64D-8787CDD99799}.Debug|x64.Build.0 = Debug|x64
		{DEB047E0-9259-4708-B64D-8787CDD99799}.Release|Win32.ActiveCfg = Release|Win32
		{DEB047E0-9259-4708-B64D-8787CDD99799}.Release|Win32.Build.0 = Release|Win32
		{DEB047E0-9259-4708-B64D-8787CDD99799}.Release|x64.ActiveCfg = Release|x64
		{DEB047E0-9259-4708-B64D-8787CDD99799}.Release|x64.Build.0 = Release|x64
		{1C3071CC-26DA-4790-B48A-3936DDD0E7E7}.Debug|Win32.ActiveCfg = Debug|Win32
		{1C3071CC-26DA-4790-B48A-3936DDD0E7E7}.Debug|Win32.Build.0 = Debug|Win32
		{1C3071CC-26DA-4790-B48A-3936DDD0E7E7}.Debug|x64.ActiveCfg = Debug|x64
		{1C3071CC-26DA-4790-B48A-3936DDD0E7E7}.Debug|x64.Build.0 = Debug|x64
		{1C3071CC-26DA-4790-B48A-3936DDD0E7E7}.Release|Win32.ActiveCfg = Release|Win32
		{1C3071CC-26DA-4790-B48A-3936DDD0E7E7}.Release|Win32.Build.0 = Release|Win32
		{1C3071CC-26DA-4790-B48A-3936DDD0E7E7}.Release|x64.ActiveCfg = Release|x64
		{1C3071CC-26DA-4790-B48A-3936DDD0E7E7}.Release|x64.Build.0 = Release|x64
		{95B509DD-F16C-49EE-B962-3B28FAC30CF7}.Debug|Win32.ActiveCfg = Debug|Win32
		{95B509DD-F16C-49EE-B962-3B28FAC30CF7}.Debug|Win32.Build.0 = Debug|Win32
		{95B509DD-F16C-49EE-B962-3B28FAC30CF7}.Debug|x64.ActiveCfg = Debug|x64
		{95B509DD-F16C-49EE-B962-3B28FAC30CF7}.Debug|x64.Build.0 = Debug|x64
		{95B509DD-F16C-49EE-B962-3B28FAC30CF7}.Release|Win32.ActiveCfg = Release|Win32
		{95B509DD-F16C-49EE-B962-3B28FAC30CF7}.Release|Win32.Build.0 = Release|Win32
		{95B509DD-F16C-49EE-B962-3B28FAC30CF7}.Release|x64.ActiveCfg = Release|x64
		{95B509DD-F16C-49EE-B962-3B28FAC30CF7}.Release|x64.Build.0 = Release|x64
		{06C8B12A-97C3-4326-B0AB-8C8004E94A76}.Debug|Win32.ActiveCfg = Debug|Win32
		{06C8B12A-97C3-4326-B0AB-8C8004E94A76}.Debug|Win32.Build.0 = Debug|Win32
		{06C8B12A-97C3-4326-B0AB-8C8004E94A76}.Debug|x64.ActiveCfg = Debug|x64
		{06C8B12A-97C3-4326-B0AB-8C8004E94A76}.Debug|x64.Build.0 = Debug|x64
		{06C8B12A-97C3-4326-B0AB-8C8004E94A76}.Release|Win32.ActiveCfg = Release|Win32
		{06C8B12A-97C3-4326-B0AB-8C8004E94A76}.Release|Win32.Build.0 = Release|Win32
		{06C8B12A-97C3-4326-B0AB-8C8004E94A76}.Release|x64.ActiveCfg = Release|x64
		{06C8B12A-97C3-4326-B0AB-8C8004E94A76}.Release|x64.Build.0 = Release|x64
		{8B0DEF57-6FC5-404F-A1D0-A8FC0FCAD787}.Debug|Win32.ActiveCfg = Debug|Win32
		{8B0DEF57-6FC5-404F-A1D0-A8FC0FCAD787}.Debug|Win32.Build.0 = Debug|Win32
		{8B0DEF57-6FC5-404F-A1D0-A8FC0FCAD787}.Debug|x64.ActiveCfg = Debug|x64
		{8B0DEF57-6FC5-404F-A1D0-A8FC0FCAD787}.Debug|x64.Build.0 = Debug|x64
		{8B0DEF57-6FC5-404F-A1D0-A8FC0FCAD787}.Release|Win32.ActiveCfg = Release|Win32
		{8B0DEF57-6FC5-404F-A1D0-A8FC0FCAD787}.Release|Win32.Build.0 = Release|Win32
		{8B0DEF57-6FC5-404F-A1D0-A8FC0FCAD787}.Release|x64.ActiveCfg = Release|x64
		{8B0DEF57-6FC5-404F-A1D0-A8FC0FCAD787}.Release|x64.Build.0 = Release|x64
		{E9BBE9B6-8361-4007-B523-E59FDB775D01}.Debug|Win32.ActiveCfg = Debug|Win32
		{E9BBE9B6-8361-4007-B523-E59FDB775D01}.Debug|Win32.Build.0 = Debug|Win32
		{E9BBE9B6-8361-4007-B523-E59FDB775D01}.Debug|x64.ActiveCfg = Debug|x64
		{E9BBE9B6-8361-4007-B523-E59FDB775D01}.Debug|x64.Build.0 = Debug|x64
		{E9BBE9B6-8361-4007-B523-E59FDB775D01}.Release|Win32.ActiveCfg = Release|Win32
		{E9BBE9B6-8361-4007-B523-E59FDB775D01}.Release|Win32.Build.0 = Release|Win32
		{E9BBE9B6-8361-4007-B523-E59FDB775D01}.Release|x64.ActiveCfg = Release|x64
		{E9BBE9B6-8361-4007-B523-E59FDB775D01}.Release|x64.Build.0 = Release|x64
		{A6E8C593-5CF7-4BB2-B8CE-54A8ECA06CF6}.Debug|Win32.ActiveCfg = Debug|Win32
		{A6E8C593-5CF7-4BB2-B8CE-54A8ECA06CF6}.Debug|Win32.Build.0 = Debug|Win32
		{A6E8C593-5CF7-4BB2-B8CE-54A8ECA06CF6}.Debug|x64.ActiveCfg = Debug|x64
		{A6E8C593-5CF7-4BB2-B8CE-54A8ECA06CF6}.Debug|x64.Build.0 = Debug|x64
		{A6E8C593-5CF7-4BB2-B8CE-54A8ECA06CF6}.Release|Win32.ActiveCfg = Release|Win32
		{A6E8C593-5CF7-4BB2-B8CE-54A8ECA06CF6}.Release|Win32.Build.0 = Release|Win32
		{A6E8C593-5CF7-4BB2-B8CE-54A8ECA06CF6}.Release|x64.ActiveCfg = Release|x64
		{A6E8C593-5CF7-4BB2-B8CE-54A8ECA06CF6}.Release|x64.Build.0 = Release|x64
		{954615BD-27CB-4AA3-AEE0-D25CD5460B0E}.Debug|Win32.ActiveCfg = Debug|Win32
		{954615BD-27CB-4AA3-AEE0-D25CD5460B0E}.Debug|Win32.Build.0 = Debug|Win32
		{954615BD-27CB-4AA3-AEE0-D25CD5460B0E}.Debug|x64.ActiveCfg = Debug|x64
		{954615BD-27CB-4AA3-AEE0-D25CD5460B0E}.Debug|x64.Build.0 = Debug|x64
		{954615BD-27CB-4AA3-AEE0-D25CD5460B0E}.Release|Win32.ActiveCfg = Release|Win32
		{954615BD-27CB-4AA3-AEE0-D25CD5460B0E}.Release|Win32.Build.0 = Release|Win32
		{954615BD-27CB-4AA3-AEE0-D25CD5460B0E}.Release|x64.ActiveCfg = Release|x64
		{954615BD-27CB-4AA3-AEE0-D25CD5460B0E}.Release|x64.Build.0 = Release|x64
		{8ECBC55D-D42D-40AA-9ACF-EDE67739EE20}.Debug|Win32.ActiveCfg = Debug|Win32
		{8ECBC55D-D42D-40AA-9ACF-EDE67739EE20}.Debug|Win32.Build.0 = Debug|Win32
		{8ECBC55D-D42D-40AA-9ACF-EDE67739EE20}.Debug|x64.ActiveCfg = Debug|x64
		{8ECBC55D-D42D-40AA-9ACF-EDE67739EE20}.Debug|x64.Build.0 = Debug|x64
		{8ECBC55D-D42D-40AA-9ACF-EDE67739EE20}.Release|Win32.ActiveCfg = Release|Win32
		{8ECBC55D-D42D-40AA-9ACF-EDE67739EE20}.Release|Win32.Build.0 = Release|Win32
		{8ECBC55D-D42D-40AA-9ACF-EDE67739EE20}.Release|x64.ActiveCfg = Release|x64
		{8ECBC55D-D42D-40AA-9ACF-EDE67739EE20}.Release|x64.Build.0 = Release|x64
		{C4DE9A69-978C-4156-8F62-BFB81A22D758}.Debug|Win32.ActiveCfg = Debug|Win32
		{C4DE9A69-978C-4156-8F62-BFB81A22D758}.Debug|Win32.Build.0 = Debug|Win32
		{C4DE9A69-978C-4156-8F62-BFB81A22D758}.Debug|x64.ActiveCfg = Debug|x64
		{C4DE9A69-978C-4156-8F62-BFB81A22D758}.Debug|x64.Build.0 = Debug|x64
		{C4DE9A69-978C-4156-8F62-BFB81A22D758}.Release|Win32.ActiveCfg = Release|Win32
		{C4DE9A69-978C-4156-8F62-BFB81A22D758}.Release|Win32.Build.0 = Release|Win32
		{C4DE9A69-978C-4156-8F62-BFB81A22D758}.Release|x64.ActiveCfg = Release|x64
		{C4DE9A69-978C-4156-8F62-BFB81A22D758}.Release|x64.Build.0 = Release|x64
		{4B49658E-0CC3-45E8-B453-8C93D5475974}.Debug|Win32.ActiveCfg = Debug|Win32
		{4B49658E-0CC3-45E8-B453-8C93D5475974}.Debug|Win32.Build.0 = Debug|Win32
		{4B49658E-0CC3-45E8-B453-8C93D5475974}.Debug|x64.ActiveCfg = Debug|x64
		{4B49658E-0CC3-45E8-B453-8C93D5475974}.Debug|x64.Build.0 = Debug|x64
		{4B49658E-0CC3-45E8-B453-8C93D5475974}.Release|Win32.ActiveCfg = Release|Win32
		{4B49658E-0CC3-45E8-B453-8C93D5475974}.Release|Win32.Build.0 = Release|Win32
		{4B49658E-0CC3-45E8-B453-8C93D5475974}.Release|x64.ActiveCfg = Release|x64
		{4B49658E-0CC3-45E8-B453-8C93D5475974}.Release|x64.Build.0 = Release|x64
		{CF492FD2-AEA4-4AEE-962D-7B89887E06E5}.Debug|Win32.ActiveCfg = Debug|Win32
		{CF492FD2-AEA4-4AEE-962D-7B89887E06E5}.Debug|Win32.Build.0 = Debug|Win32
		{CF492FD2-AEA4-4AEE-962D-7B89887E06E5}.Debug|x64.ActiveCfg = Debug|x64
		{CF492FD2-AEA4-4AEE-962D-7B89887E06E5}.Debug|x64.Build.0 = Debug|x64
		{CF492FD2-AEA4-4AEE-962D-7B89887E06E5}.Release|Win32.ActiveCfg = Release|Win32
		{CF492FD2-AEA4-4AEE-962D-7B89887E06E5}.Release|Win32.Build.0 = Release|Win32
		{CF492FD2-AEA4-4AEE-962D-7B89887E06E5}.Release|x64.ActiveCfg = Release|x64
		{CF492FD2-AEA4-4AEE-962D-7B89887E06E5}.Release|x64.Build.0 = Release|x64
		{89985F80-7EA4-4205-A46D-AA32419E5BC2}.Debug|Win32.ActiveCfg = Debug|Win32
		{89985F80-7EA4-4205-A46D-AA32419E5BC2}.Debug|Win32.Build.0 = Debug|Win32
		{89985F80-7EA4-4205-A46D-AA32419E5BC2}.Debug|x64.ActiveCfg = Debug|x64
		{89985F80-7EA4-4205-A46D-AA32419E5BC2}.Debug|x64.Build.0 = Debug|x64
		{89985F80-7EA4-4205-A46D-AA32419E5BC2}.Release|Win32.ActiveCfg = Release|Win32
		{89985F80-7EA4-4205-A46D-AA32419E5BC2}.Release|Win32.Build.0 = Release|Win32
		{89985F80-7EA4-4205-A46D-AA32419E5BC2}.Release|x64.ActiveCfg = Release|x64
		{89985F80-7EA4-4205-A46D-AA32419E5BC2}.Release|x64.Build.0 = Release|x64
		{A8616FF5-8273-4C80-8BF0-1785D8E1DF74}.Debug|Win32.ActiveCfg = Debug|Win32
		{A8616FF5-8273-4C80-8BF0-1785D8E1DF74}.Debug|Win32.Build.0 = Debug|Win32
		{A8616FF5-8273-4C80-8BF0-1785D8E1DF74}.Debug|x64.ActiveCfg = Debug|x64
		{A8616FF5-8273-4C80-8BF0-1785D8E1DF74}.Debug|x64.Build.0 = Debug|x64
		{A8616FF5-8273-4C80-8BF0-1785D8E1DF74}.Release|Win32.ActiveCfg = Release|Win32
		{A8616FF5-8273-4C80-8BF0-1785D8E1DF74}.Release|Win32.Build.0 = Release|Win32
		{A8616FF5-8273-4C80-8BF0-1785D8E1DF74}.Release|x64.ActiveCfg = Release|x64
		{A8616FF5-8273-4C80-8BF0-1785D8E1DF74}.Release|x64.Build.0 = Release|x64
		{CD0F021B-E347-4CCA-B5B7-CD1F757E15D6}.Debug|Win32.ActiveCfg = Debug|Win32
		{CD0F021B-E347-4CCA-B5B7-CD1F757E15D6}.Debug|Win32.Build.0 = Debug|Win32
		{CD0F021B-E347-4CCA-B5B7-CD1F757E15D6}.Debug|x64.ActiveCfg = Debug|x64
		{CD0F021B-E347-4CCA-B5B7-CD1F757E15D6}.Debug|x64.Build.0 = Debug|x64
		{CD0F021B-E347-4CCA-B5B7-CD1F757E15D6}.Release|Win32.ActiveCfg = Release|Win32
		{CD0F021B-E347-4CCA-B5B7-CD1F757E15D6}.Release|Win32.Build.0 = Release|Win32
		{CD0F021B-E347-4CCA-B5B7-CD1F757E15D6}.Release|x64.ActiveCfg = Release|x64
		{CD0F021B-E347-4CCA-B5B7-CD1F757E15D6}.Release|x64.Build.0 = Release|x64
		{1DACE503-6498-492D-B1FF-F9EE18624443}.Debug|Win32.ActiveCfg = Debug|Win32
		{1DACE503-6498-492D-B1FF-F9EE18624443}.Debug|Win32.Build.0 = Debug|Win32
		{1DACE503-6498-492D-B1FF-F9EE18624443}.Debug|x64.ActiveCfg = Debug|x64
		{1DACE503-6498-492D-B1FF-F9EE18624443}.Debug|x64.Build.0 = Debug|x64
		{1DACE503-6498-492D-B1FF-F9EE18624443}.Release|Win32.ActiveCfg = Release|Win32
		{1DACE503-6498-492D-B1FF-F9EE18624443}.Release|Win32.Build.0 = Release|Win32
		{1DACE503-6498-492D-B1FF-F9EE18624443}.Release|x64.ActiveCfg = Release|x64
		{1DACE503-6498-492D-B1FF-F9EE18624443}.Release|x64.Build.0 = Release|x64
		{C8E7CDAF-3953-48E8-95F2-97DAC472E2E0}.Debug|Win32.ActiveCfg = Debug|Win32
		{C8E7CDAF-3953-48E8-95F2-97DAC472E2E0}.Debug|Win32.Build.0 = Debug|Win32
		{C8E7CDAF-3953-48E8-95F2-97DAC472E2E0}.Debug|x64.ActiveCfg = Debug|x64
		{C8E7CDAF-3953-48E8-95F2-97DAC472E2E0}.Debug|x64.Build.0 = Debug|x64
		{C8E7CDAF-3953-48E8-95F2-97DAC472E2E0}.Release|Win32.ActiveCfg = Release|Win32
		{C8E7CDAF-3953-48E8-95F2-97DAC472E2E0}.Release|Win32.Build.0 = Release|Win32
		{C8E7CDAF-3953-48E8-95F2-97DAC472E2E0}.Release|x64.ActiveCfg = Release|x64
		{C8E7CDAF-3953-48E8-95F2-97DAC472E2E0}.Release|x64.Build.0 = Release|x64
		{52C6E909-4E56-4329-8B99-E1B5C2E1FB19}.Debug|Win32.ActiveCfg = Debug|Win32
		{52C6E909-4E56-4329-8B99-E1B5C2E1FB19}.Debug|Win32.Build.0 = Debug|Win32
		{52C6E909-4E56-4329-8B99-E1B5C2E1FB19}.Debug|x64.ActiveCfg = Debug|x64
		{52C6E909-4E56-4329-8B99-E1B5C2E1FB19}.Debug|x64.Build.0 = Debug|x64
		{52C6E909-4E56-4329-8B99-E1B5C2E1FB19}.Release|Win32.ActiveCfg = Release|Win32
		{52C6E909-4E56-4329-8B99-E1B5C2E1FB19}.Release|Win32.Build.0 = Release|Win32
		{52C6E909-4E56-4329-8B99-E1B5C2E1FB19}.Release|x64.ActiveCfg = Release|x64
		{52C6E909-4E56-4329-8B99-E1B5C2E1FB19}.Release|x64.Build.0 = Release|x64
		{5C80997F-DB68-4996-BF6D-2B0EAF69D035}.Debug|Win32.ActiveCfg = Debug|Win32
		{5C80997F-DB68-4996-BF6D-2B0EAF69D035}.Debug|Win32.Build.0 = Debug|Win32
		{5C80997F-DB68-4996-BF6D-2B0EAF69D035}.Debug|x64.ActiveCfg = Debug|x64
		{5C80997F-DB68-4996-BF6D-2B0EAF69D035}.Debug|x64.Build.0 = Debug|x64
		{5C80997F-DB68-4996-BF6D-2B0EAF69D035}.Release|Win32.ActiveCfg = Release|Win32
		{5C80997F-DB68-4996-BF6D-2B0EAF69D035}.Release|Win32.Build.0 = Release|Win32
		{5C80997F-DB68-4996-BF6D-2B0EAF69D035}.Release|x64.ActiveCfg = Release|x64
		{5C80997F-DB68-4996-BF6D-2B0EAF69D035}.Release|x64.Build.0 = Release|x64
		{F28F10A9-540F-4FC9-AD81-79E79F3FC73D}.Debug|Win32.ActiveCfg = Debug|Win32
		{F28F10A9-540F-4FC9-AD81-79E79F3FC73D}.Debug|Win32.Build.0 = Debug|Win32
		{F28F10A9-540F-4FC9-AD81-79E79F3FC73D}.Debug|x64.ActiveCfg = Debug|x64
		{F28F10A9-540F-4FC9-AD81-79E79F3FC73D}.Debug|x64.Build.0 = Debug|x64
		{F28F10A9-540F-4FC9-AD81-79E79F3FC73D}.Release|Win32.ActiveCfg = Release|Win32
		{F28F10A9-540F-4FC9-AD81-79E79F3FC73D}.Release|Win32.Build.0 = Release|Win32
		{F28F10A9-540F-4FC9-AD81-79E79F3FC73D}.Release|x64.ActiveCfg = Release|x64
		{F28F10A9-540F-4FC9-AD81-79E79F3FC73D}.Release|x64.Build.0 = Release|x64
		{6216DD4F-2055-4D4E-9672-AF9154AC7B7B}.Debug|Win32.ActiveCfg = Debug|Win32
		{6216DD4F-2055-4D4E-9672-AF9154AC7B7B}.Debug|Win32.Build.0 = Debug|Win32
		{6216DD4F-2055-4D4E-9672-AF9154AC7B7B}.Debug|x64.ActiveCfg = Debug|x64
		{6216DD4F-2055-4D4E-9672-AF9154AC7B7B}.Debug|x64.Build.0 = Debug|x64
		{6216DD4F-2055-4D4E-9672-AF9154AC7B7B}.Release|Win32.ActiveCfg = Release|Win32
		{6216DD4F-2055-4D4E-9672-AF9154AC7B7B}.Release|Win32.Build.0 = Release|Win32
		{6216DD4F-2055-4D4E-9672-AF9154AC7B7B}.Release|x64.ActiveCfg = Release|x64
		{6216DD4F-2055-4D4E-9672-AF9154AC7B7B}.Release|x64.Build.0 = Release|x64
	EndGlobalSection
	GlobalSection(SolutionProperties) = preSolution
		HideSolutionNode = FALSE
	EndGlobalSection
	GlobalSection(NestedProjects) = preSolution
		{DEB047E0-9259-4708-B64D-8787CDD99799} = {73F15439-77AE-4EA2-8CB7-D82876016316}
		{1C3071CC-26DA-4790-B48A-3936DDD0E7E7} = {73F15439-77AE-4EA2-8CB7-D82876016316}
		{95B509DD-F16C-49EE-B962-3B28FAC30CF7} = {73F15439-77AE-4EA2-8CB7-D82876016316}
		{06C8B12A-97C3-4326-B0AB-8C8004E94A76} = {73F15439-77AE-4EA2-8CB7-D82876016316}
		{8B0DEF57-6FC5-404F-A1D0-A8FC0FCAD787} = {73F15439-77AE-4EA2-8CB7-D82876016316}
		{E9BBE9B6-8361-4007-B523-E59FDB775D01} = {73F15439-77AE-4EA2-8CB7-D82876016316}
		{A6E8C593-5CF7-4BB2-B8CE-54A8ECA06CF6} = {73F15439-77AE-4EA2-8CB7-D82876016316}
		{954615BD-27CB-4AA3-AEE0-D25CD5460B0E} = {73F15439-77AE-4EA2-8CB7-D82876016316}
		{8ECBC55D-D42D-40AA-9ACF-EDE67739EE20} = {73F15439-77AE-4EA2-8CB7-D82876016316}
		{C4DE9A69-978C-4156-8F62-BFB81A22D758} = {73F15439-77AE-4EA2-8CB7-D82876016316}
		{4B49658E-0CC3-45E8-B453-8C93D5475974} = {73F15439-77AE-4EA2-8CB7-D82876016316}
		{CF492FD2-AEA4-4AEE-962D-7B89887E06E5} = {73F15439-77AE-4EA2-8CB7-D82876016316}
		{89985F80-7EA4-4205-A46D-AA32419E5BC2} = {73F15439-77AE-4EA2-8CB7-D82876016316}
		{A8616FF5-8273-4C80-8BF0-1785D8E1DF74} = {73F15439-77AE-4EA2-8CB7-D82876016316}
		{CD0F021B-E347-4CCA-B5B7-CD1F757E15D6} = {73F15439-77AE-4EA2-8CB7-D82876016316}
		{1DACE503-6498-492D-B1FF-F9EE18624443} = {73F15439-77AE-4EA2-8CB7-D82876016316}
		{C8E7CDAF-3953-48E8-95F2-97DAC472E2E0} = {73F15439-77AE-4EA2-8CB7-D82876016316}
		{52C6E909-4E56-4329-8B99-E1B5C2E1FB19} = {73F15439-77AE-4EA2-8CB7-D82876016316}
		{5C80997F-DB68-4996-BF6D-2B0EAF69D035} = {73F15439-77AE-4EA2-8CB7-D82876016316}
		{F28F10A9-540F-4FC9-AD81-79E79F3FC73D} = {73F15439-77AE-4EA2-8CB7-D82876016316}
		{6216DD4F-2055-4D4E-9672-AF9154AC7B7B} = {73F15439-77AE-4EA2-8CB7-D82876016316}
	EndGlobalSection
EndGlobal
